{
  "originHash" : "f1b8dab180bdca74545ec9e6d4ffe8716333b69e6f2ff0482a685fbfdb444c17",
  "pins" : [
    {
      "identity" : "vovo-core",
      "kind" : "remoteSourceControl",
      "location" : "https://github.com/franckverrot/vovo-core.git",
      "state" : {
        "branch" : "main",
        "revision" : "bbb022462f6f1f0eeafff864295c7861a7b9ee57"
      }
    }
  ],
  "version" : 3
}
